{
  "name": "randommoon.js",
  "version": "1.0.20",
  "lockfileVersion": 3,
  "requires": true,
  "packages": {
    "": {
      "name": "randommoon.js",
      "version": "1.0.20",
      "license": "MIT",
      "devDependencies": {
        "esbuild-plugin-tsc": "^0.4.0",
        "typescript": "^5.5.4"
      }
    },
    "node_modules/esbuild-plugin-tsc": {
      "version": "0.4.0",
      "resolved": "https://registry.npmjs.org/esbuild-plugin-tsc/-/esbuild-plugin-tsc-0.4.0.tgz",
      "integrity": "sha512-q9gWIovt1nkwchMLc2zhyksaiHOv3kDK4b0AUol8lkMCRhJ1zavgfb2fad6BKp7FT9rh/OHmEBXVjczLoi/0yw==",
      "dev": true,
      "license": "MIT",
      "dependencies": {
        "strip-comments": "^2.0.1"
      },
      "peerDependencies": {
        "typescript": "^4.0.0 || ^5.0.0"
      }
    },
    "node_modules/strip-comments": {
      "version": "2.0.1",
      "resolved": "https://registry.npmjs.org/strip-comments/-/strip-comments-2.0.1.tgz",
      "integrity": "sha512-ZprKx+bBLXv067WTCALv8SSz5l2+XhpYCsVtSqlMnkAXMWDq+/ekVbl1ghqP9rUHTzv6sm/DwCOiYutU/yp1fw==",
      "dev": true,
      "license": "MIT",
      "engines": {
        "node": ">=10"
      }
    },
    "node_modules/typescript": {
      "version": "5.5.4",
      "resolved": "https://registry.npmjs.org/typescript/-/typescript-5.5.4.tgz",
      "integrity": "sha512-Mtq29sKDAEYP7aljRgtPOpTvOfbwRWlS6dPRzwjdE+C0R4brX/GUyhHSecbHMFLNBLcJIPt9nl9yG5TZ1weH+Q==",
      "dev": true,
      "license": "Apache-2.0",
      "bin": {
        "tsc": "bin/tsc",
        "tsserver": "bin/tsserver"
      },
      "engines": {
        "node": ">=14.17"
      }
    }
  }
}
